
Microsoft Visual Studio Solution File, Format Version 12.00
# Visual Studio 15
VisualStudioVersion = 15.0.26730.12
MinimumVisualStudioVersion = 10.0.40219.1
Project("{FAE04EC0-301F-11D3-BF4B-00C04F79EFBC}") = "Order", "Src\Order\Order.csproj", "{4AE456A9-55F0-442C-8A20-696C45274CC4}"
EndProject
Project("{FAE04EC0-301F-11D3-BF4B-00C04F79EFBC}") = "Order.Tests", "Src\Order.Tests\Order.Tests.csproj", "{858B9C8B-23DC-4856-86DC-9159138518E1}"
EndProject
Project("{FAE04EC0-301F-11D3-BF4B-00C04F79EFBC}") = "Membership", "Src\Membership\Membership.csproj", "{706E8E01-2461-45E9-BBCB-BA8D7E62B2B2}"
EndProject
Project("{FAE04EC0-301F-11D3-BF4B-00C04F79EFBC}") = "Shipping", "Src\Shipping\Shipping.csproj", "{DD993C67-BDDC-48CF-89CB-7BEA14F1E68F}"
EndProject
Global
	GlobalSection(SolutionConfigurationPlatforms) = preSolution
		Debug|Any CPU = Debug|Any CPU
		Release|Any CPU = Release|Any CPU
	EndGlobalSection
	GlobalSection(ProjectConfigurationPlatforms) = postSolution
		{4AE456A9-55F0-442C-8A20-696C45274CC4}.Debug|Any CPU.ActiveCfg = Debug|Any CPU
		{4AE456A9-55F0-442C-8A20-696C45274CC4}.Debug|Any CPU.Build.0 = Debug|Any CPU
		{4AE456A9-55F0-442C-8A20-696C45274CC4}.Release|Any CPU.ActiveCfg = Release|Any CPU
		{4AE456A9-55F0-442C-8A20-696C45274CC4}.Release|Any CPU.Build.0 = Release|Any CPU
		{858B9C8B-23DC-4856-86DC-9159138518E1}.Debug|Any CPU.ActiveCfg = Debug|Any CPU
		{858B9C8B-23DC-4856-86DC-9159138518E1}.Debug|Any CPU.Build.0 = Debug|Any CPU
		{858B9C8B-23DC-4856-86DC-9159138518E1}.Release|Any CPU.ActiveCfg = Release|Any CPU
		{858B9C8B-23DC-4856-86DC-9159138518E1}.Release|Any CPU.Build.0 = Release|Any CPU
		{706E8E01-2461-45E9-BBCB-BA8D7E62B2B2}.Debug|Any CPU.ActiveCfg = Debug|Any CPU
		{706E8E01-2461-45E9-BBCB-BA8D7E62B2B2}.Debug|Any CPU.Build.0 = Debug|Any CPU
		{706E8E01-2461-45E9-BBCB-BA8D7E62B2B2}.Release|Any CPU.ActiveCfg = Release|Any CPU
		{706E8E01-2461-45E9-BBCB-BA8D7E62B2B2}.Release|Any CPU.Build.0 = Release|Any CPU
		{DD993C67-BDDC-48CF-89CB-7BEA14F1E68F}.Debug|Any CPU.ActiveCfg = Debug|Any CPU
		{DD993C67-BDDC-48CF-89CB-7BEA14F1E68F}.Debug|Any CPU.Build.0 = Debug|Any CPU
		{DD993C67-BDDC-48CF-89CB-7BEA14F1E68F}.Release|Any CPU.ActiveCfg = Release|Any CPU
		{DD993C67-BDDC-48CF-89CB-7BEA14F1E68F}.Release|Any CPU.Build.0 = Release|Any CPU
	EndGlobalSection
	GlobalSection(SolutionProperties) = preSolution
		HideSolutionNode = FALSE
	EndGlobalSection
	GlobalSection(ExtensibilityGlobals) = postSolution
		SolutionGuid = {B7121DC3-D5D2-47E7-AA72-764C647B93FF}
	EndGlobalSection
EndGlobal
