
Microsoft Visual Studio Solution File, Format Version 12.00
# Visual Studio 15
VisualStudioVersion = 15.0.27004.2002
MinimumVisualStudioVersion = 10.0.40219.1
Project("{9A19103F-16F7-4668-BE54-9A1E7A4F7556}") = "DDD.Core", "..\..\DDDBase\Src\DDD.Core\DDD.Core.csproj", "{421932EE-DBB5-46EB-8261-1694A2231702}"
EndProject
Project("{FAE04EC0-301F-11D3-BF4B-00C04F79EFBC}") = "DDD.Test", "..\..\DDDBase\Src\DDD.Test\DDD.Test.csproj", "{ED143D69-025E-4937-BE34-87FAC9309F20}"
EndProject
Project("{9A19103F-16F7-4668-BE54-9A1E7A4F7556}") = "OrderService", "Src\OrderService\OrderService.csproj", "{BAB886D4-91F5-4FA9-9CDD-F9715433FFC5}"
EndProject
Project("{FAE04EC0-301F-11D3-BF4B-00C04F79EFBC}") = "OrderService.Tests", "Src\OrderService.Tests\OrderService.Tests.csproj", "{2DB90B9C-5F77-46AB-805D-EF6BC7AA6E05}"
EndProject
Project("{9A19103F-16F7-4668-BE54-9A1E7A4F7556}") = "OrderService.Core", "Src\OrderService.Core\OrderService.Core.csproj", "{44D0E0EE-1367-4249-9474-46293203C10A}"
EndProject
Project("{9A19103F-16F7-4668-BE54-9A1E7A4F7556}") = "OrderProcessorService", "Src\OrderProcessorService\OrderProcessorService.csproj", "{D9CADFF5-82E1-4709-8530-F2B6BDD1F2A3}"
EndProject
Project("{FAE04EC0-301F-11D3-BF4B-00C04F79EFBC}") = "OrderProcessorService.Tests", "Src\OrderProcessorService.Tests\OrderProcessorService.Tests.csproj", "{5C0C91F3-46D3-4F3E-95D4-4C1BE4F77802}"
EndProject
Project("{2150E333-8FDC-42A3-9474-1A3956D46DE8}") = "Solution Items", "Solution Items", "{DC51E51F-7013-452E-A60D-900DC603E7D2}"
	ProjectSection(SolutionItems) = preProject
		readme.md = readme.md
	EndProjectSection
EndProject
Project("{FAE04EC0-301F-11D3-BF4B-00C04F79EFBC}") = "BookClubService.Tests", "Src\BookClubService.Tests\BookClubService.Tests.csproj", "{0387750A-94D8-49F5-8EAF-42D3AE56A091}"
EndProject
Project("{FAE04EC0-301F-11D3-BF4B-00C04F79EFBC}") = "BookClubService", "Src\BookClubService\BookClubService.csproj", "{3BEC505B-7B3A-424E-AF8F-A7AC31445948}"
EndProject
Global
	GlobalSection(SolutionConfigurationPlatforms) = preSolution
		Debug|Any CPU = Debug|Any CPU
		Release|Any CPU = Release|Any CPU
	EndGlobalSection
	GlobalSection(ProjectConfigurationPlatforms) = postSolution
		{421932EE-DBB5-46EB-8261-1694A2231702}.Debug|Any CPU.ActiveCfg = Debug|Any CPU
		{421932EE-DBB5-46EB-8261-1694A2231702}.Debug|Any CPU.Build.0 = Debug|Any CPU
		{421932EE-DBB5-46EB-8261-1694A2231702}.Release|Any CPU.ActiveCfg = Release|Any CPU
		{421932EE-DBB5-46EB-8261-1694A2231702}.Release|Any CPU.Build.0 = Release|Any CPU
		{ED143D69-025E-4937-BE34-87FAC9309F20}.Debug|Any CPU.ActiveCfg = Debug|Any CPU
		{ED143D69-025E-4937-BE34-87FAC9309F20}.Debug|Any CPU.Build.0 = Debug|Any CPU
		{ED143D69-025E-4937-BE34-87FAC9309F20}.Release|Any CPU.ActiveCfg = Release|Any CPU
		{ED143D69-025E-4937-BE34-87FAC9309F20}.Release|Any CPU.Build.0 = Release|Any CPU
		{BAB886D4-91F5-4FA9-9CDD-F9715433FFC5}.Debug|Any CPU.ActiveCfg = Debug|Any CPU
		{BAB886D4-91F5-4FA9-9CDD-F9715433FFC5}.Debug|Any CPU.Build.0 = Debug|Any CPU
		{BAB886D4-91F5-4FA9-9CDD-F9715433FFC5}.Release|Any CPU.ActiveCfg = Release|Any CPU
		{BAB886D4-91F5-4FA9-9CDD-F9715433FFC5}.Release|Any CPU.Build.0 = Release|Any CPU
		{2DB90B9C-5F77-46AB-805D-EF6BC7AA6E05}.Debug|Any CPU.ActiveCfg = Debug|Any CPU
		{2DB90B9C-5F77-46AB-805D-EF6BC7AA6E05}.Debug|Any CPU.Build.0 = Debug|Any CPU
		{2DB90B9C-5F77-46AB-805D-EF6BC7AA6E05}.Release|Any CPU.ActiveCfg = Release|Any CPU
		{2DB90B9C-5F77-46AB-805D-EF6BC7AA6E05}.Release|Any CPU.Build.0 = Release|Any CPU
		{44D0E0EE-1367-4249-9474-46293203C10A}.Debug|Any CPU.ActiveCfg = Debug|Any CPU
		{44D0E0EE-1367-4249-9474-46293203C10A}.Debug|Any CPU.Build.0 = Debug|Any CPU
		{44D0E0EE-1367-4249-9474-46293203C10A}.Release|Any CPU.ActiveCfg = Release|Any CPU
		{44D0E0EE-1367-4249-9474-46293203C10A}.Release|Any CPU.Build.0 = Release|Any CPU
		{D9CADFF5-82E1-4709-8530-F2B6BDD1F2A3}.Debug|Any CPU.ActiveCfg = Debug|Any CPU
		{D9CADFF5-82E1-4709-8530-F2B6BDD1F2A3}.Debug|Any CPU.Build.0 = Debug|Any CPU
		{D9CADFF5-82E1-4709-8530-F2B6BDD1F2A3}.Release|Any CPU.ActiveCfg = Release|Any CPU
		{D9CADFF5-82E1-4709-8530-F2B6BDD1F2A3}.Release|Any CPU.Build.0 = Release|Any CPU
		{5C0C91F3-46D3-4F3E-95D4-4C1BE4F77802}.Debug|Any CPU.ActiveCfg = Debug|Any CPU
		{5C0C91F3-46D3-4F3E-95D4-4C1BE4F77802}.Debug|Any CPU.Build.0 = Debug|Any CPU
		{5C0C91F3-46D3-4F3E-95D4-4C1BE4F77802}.Release|Any CPU.ActiveCfg = Release|Any CPU
		{5C0C91F3-46D3-4F3E-95D4-4C1BE4F77802}.Release|Any CPU.Build.0 = Release|Any CPU
		{0387750A-94D8-49F5-8EAF-42D3AE56A091}.Debug|Any CPU.ActiveCfg = Debug|Any CPU
		{0387750A-94D8-49F5-8EAF-42D3AE56A091}.Debug|Any CPU.Build.0 = Debug|Any CPU
		{0387750A-94D8-49F5-8EAF-42D3AE56A091}.Release|Any CPU.ActiveCfg = Release|Any CPU
		{0387750A-94D8-49F5-8EAF-42D3AE56A091}.Release|Any CPU.Build.0 = Release|Any CPU
		{3BEC505B-7B3A-424E-AF8F-A7AC31445948}.Debug|Any CPU.ActiveCfg = Debug|Any CPU
		{3BEC505B-7B3A-424E-AF8F-A7AC31445948}.Debug|Any CPU.Build.0 = Debug|Any CPU
		{3BEC505B-7B3A-424E-AF8F-A7AC31445948}.Release|Any CPU.ActiveCfg = Release|Any CPU
		{3BEC505B-7B3A-424E-AF8F-A7AC31445948}.Release|Any CPU.Build.0 = Release|Any CPU
	EndGlobalSection
	GlobalSection(SolutionProperties) = preSolution
		HideSolutionNode = FALSE
	EndGlobalSection
	GlobalSection(ExtensibilityGlobals) = postSolution
		SolutionGuid = {9AE04D7A-EA9B-454A-AFBD-B4F2F6F77AF6}
	EndGlobalSection
EndGlobal
